
Microsoft Visual Studio Solution File, Format Version 12.00
# Visual Studio Version 16
VisualStudioVersion = 16.0.30611.23
MinimumVisualStudioVersion = 10.0.40219.1
Project("{FAE04EC0-301F-11D3-BF4B-00C04F79EFBC}") = "AbstractFactory", "AbstractFactory\AbstractFactory.csproj", "{FBB098F3-1239-4FD2-BEBE-73B31D3829A7}"
EndProject
Project("{FAE04EC0-301F-11D3-BF4B-00C04F79EFBC}") = "Singleton", "Signleton\Singleton.csproj", "{7206C0D0-7D93-46A4-8DDE-F9793E37850E}"
EndProject
Project("{FAE04EC0-301F-11D3-BF4B-00C04F79EFBC}") = "Builder", "Builder\Builder.csproj", "{476808BC-9BE9-4CDC-A748-C75BA294E06B}"
EndProject
Project("{FAE04EC0-301F-11D3-BF4B-00C04F79EFBC}") = "BuilderInteractif", "BuilderInteractif\BuilderInteractif.csproj", "{9345D5F2-69CF-4524-A80C-D32A3B3B4884}"
EndProject
Project("{FAE04EC0-301F-11D3-BF4B-00C04F79EFBC}") = "Prototype", "Prototype\Prototype.csproj", "{FC46BBF5-EFA5-4E43-B6F3-E95A8D403A2B}"
EndProject
Project("{FAE04EC0-301F-11D3-BF4B-00C04F79EFBC}") = "Adapter", "Adapter\Adapter.csproj", "{F1E27041-CA6E-49CA-A122-DB6199F0E860}"
EndProject
Project("{FAE04EC0-301F-11D3-BF4B-00C04F79EFBC}") = "Bridge", "Bridge\Bridge.csproj", "{FBCD4222-1321-407F-A75C-6EB9C2C8E087}"
EndProject
Project("{FAE04EC0-301F-11D3-BF4B-00C04F79EFBC}") = "Decorateur", "Decorateur\Decorateur.csproj", "{A98A634F-D706-4FCA-9B2B-115AC4199958}"
EndProject
Project("{FAE04EC0-301F-11D3-BF4B-00C04F79EFBC}") = "Composite", "Compisite\Composite.csproj", "{ADBF1109-264D-49F5-AFCA-92F8C148DB7E}"
EndProject
Project("{FAE04EC0-301F-11D3-BF4B-00C04F79EFBC}") = "FlyWeight", "FlyWeight\FlyWeight.csproj", "{E46CFC49-814B-4AB6-B180-889D5184CF14}"
EndProject
Global
	GlobalSection(SolutionConfigurationPlatforms) = preSolution
		Debug|Any CPU = Debug|Any CPU
		Release|Any CPU = Release|Any CPU
	EndGlobalSection
	GlobalSection(ProjectConfigurationPlatforms) = postSolution
		{FBB098F3-1239-4FD2-BEBE-73B31D3829A7}.Debug|Any CPU.ActiveCfg = Debug|Any CPU
		{FBB098F3-1239-4FD2-BEBE-73B31D3829A7}.Debug|Any CPU.Build.0 = Debug|Any CPU
		{FBB098F3-1239-4FD2-BEBE-73B31D3829A7}.Release|Any CPU.ActiveCfg = Release|Any CPU
		{FBB098F3-1239-4FD2-BEBE-73B31D3829A7}.Release|Any CPU.Build.0 = Release|Any CPU
		{7206C0D0-7D93-46A4-8DDE-F9793E37850E}.Debug|Any CPU.ActiveCfg = Debug|Any CPU
		{7206C0D0-7D93-46A4-8DDE-F9793E37850E}.Debug|Any CPU.Build.0 = Debug|Any CPU
		{7206C0D0-7D93-46A4-8DDE-F9793E37850E}.Release|Any CPU.ActiveCfg = Release|Any CPU
		{7206C0D0-7D93-46A4-8DDE-F9793E37850E}.Release|Any CPU.Build.0 = Release|Any CPU
		{476808BC-9BE9-4CDC-A748-C75BA294E06B}.Debug|Any CPU.ActiveCfg = Debug|Any CPU
		{476808BC-9BE9-4CDC-A748-C75BA294E06B}.Debug|Any CPU.Build.0 = Debug|Any CPU
		{476808BC-9BE9-4CDC-A748-C75BA294E06B}.Release|Any CPU.ActiveCfg = Release|Any CPU
		{476808BC-9BE9-4CDC-A748-C75BA294E06B}.Release|Any CPU.Build.0 = Release|Any CPU
		{9345D5F2-69CF-4524-A80C-D32A3B3B4884}.Debug|Any CPU.ActiveCfg = Debug|Any CPU
		{9345D5F2-69CF-4524-A80C-D32A3B3B4884}.Debug|Any CPU.Build.0 = Debug|Any CPU
		{9345D5F2-69CF-4524-A80C-D32A3B3B4884}.Release|Any CPU.ActiveCfg = Release|Any CPU
		{9345D5F2-69CF-4524-A80C-D32A3B3B4884}.Release|Any CPU.Build.0 = Release|Any CPU
		{FC46BBF5-EFA5-4E43-B6F3-E95A8D403A2B}.Debug|Any CPU.ActiveCfg = Debug|Any CPU
		{FC46BBF5-EFA5-4E43-B6F3-E95A8D403A2B}.Debug|Any CPU.Build.0 = Debug|Any CPU
		{FC46BBF5-EFA5-4E43-B6F3-E95A8D403A2B}.Release|Any CPU.ActiveCfg = Release|Any CPU
		{FC46BBF5-EFA5-4E43-B6F3-E95A8D403A2B}.Release|Any CPU.Build.0 = Release|Any CPU
		{F1E27041-CA6E-49CA-A122-DB6199F0E860}.Debug|Any CPU.ActiveCfg = Debug|Any CPU
		{F1E27041-CA6E-49CA-A122-DB6199F0E860}.Debug|Any CPU.Build.0 = Debug|Any CPU
		{F1E27041-CA6E-49CA-A122-DB6199F0E860}.Release|Any CPU.ActiveCfg = Release|Any CPU
		{F1E27041-CA6E-49CA-A122-DB6199F0E860}.Release|Any CPU.Build.0 = Release|Any CPU
		{FBCD4222-1321-407F-A75C-6EB9C2C8E087}.Debug|Any CPU.ActiveCfg = Debug|Any CPU
		{FBCD4222-1321-407F-A75C-6EB9C2C8E087}.Debug|Any CPU.Build.0 = Debug|Any CPU
		{FBCD4222-1321-407F-A75C-6EB9C2C8E087}.Release|Any CPU.ActiveCfg = Release|Any CPU
		{FBCD4222-1321-407F-A75C-6EB9C2C8E087}.Release|Any CPU.Build.0 = Release|Any CPU
		{A98A634F-D706-4FCA-9B2B-115AC4199958}.Debug|Any CPU.ActiveCfg = Debug|Any CPU
		{A98A634F-D706-4FCA-9B2B-115AC4199958}.Debug|Any CPU.Build.0 = Debug|Any CPU
		{A98A634F-D706-4FCA-9B2B-115AC4199958}.Release|Any CPU.ActiveCfg = Release|Any CPU
		{A98A634F-D706-4FCA-9B2B-115AC4199958}.Release|Any CPU.Build.0 = Release|Any CPU
		{ADBF1109-264D-49F5-AFCA-92F8C148DB7E}.Debug|Any CPU.ActiveCfg = Debug|Any CPU
		{ADBF1109-264D-49F5-AFCA-92F8C148DB7E}.Debug|Any CPU.Build.0 = Debug|Any CPU
		{ADBF1109-264D-49F5-AFCA-92F8C148DB7E}.Release|Any CPU.ActiveCfg = Release|Any CPU
		{ADBF1109-264D-49F5-AFCA-92F8C148DB7E}.Release|Any CPU.Build.0 = Release|Any CPU
		{E46CFC49-814B-4AB6-B180-889D5184CF14}.Debug|Any CPU.ActiveCfg = Debug|Any CPU
		{E46CFC49-814B-4AB6-B180-889D5184CF14}.Debug|Any CPU.Build.0 = Debug|Any CPU
		{E46CFC49-814B-4AB6-B180-889D5184CF14}.Release|Any CPU.ActiveCfg = Release|Any CPU
		{E46CFC49-814B-4AB6-B180-889D5184CF14}.Release|Any CPU.Build.0 = Release|Any CPU
	EndGlobalSection
	GlobalSection(SolutionProperties) = preSolution
		HideSolutionNode = FALSE
	EndGlobalSection
	GlobalSection(ExtensibilityGlobals) = postSolution
		SolutionGuid = {E8FDFA53-3D02-4E66-9208-303F78B42A29}
	EndGlobalSection
EndGlobal
